{
  "name": "portfolio.aavrit",
  "version": "1.0.0",
  "lockfileVersion": 3,
  "requires": true,
  "packages": {
    "": {
      "name": "portfolio.aavrit",
      "version": "1.0.0",
      "private": true,
      "dependencies": {
        "@aavrit/core": "file:./lib/core",
        "@gsap/react": "^2.1.2",
        "gsap": "^3.15.0",
        "lucide-react": "^1.37.0",
        "motion": "^13.1.1",
        "next": "16.3.3",
        "react": "^19.2.8",
        "react-dom": "^19.2.8",
        "firebase": "^11.10.0"
      },
      "devDependencies": {
        "@tailwindcss/postcss": "^4.3.3",
        "@types/node": "^20",
        "@types/react": "^19",
        "@types/react-dom": "^19",
        "eslint": "^9",
        "eslint-config-next": "16.3.3",
        "tailwindcss": "^4.3.3",
        "typescript": "^5"
      }
    },
    "lib/core": {
      "version": "1.0.0",
      "dev": true
    }
  }
}
